
Microsoft Visual Studio Solution File, Format Version 12.00
# Visual Studio Version 16
VisualStudioVersion = 16.0.30413.136
MinimumVisualStudioVersion = 10.0.40219.1
Project("{FAE04EC0-301F-11D3-BF4B-00C04F79EFBC}") = "ExemploGeracaoBearerToken", "ExemploGeracaoBearerToken\ExemploGeracaoBearerToken.csproj", "{46FCA889-4A0D-41F2-9264-2929B98BFC6A}"
EndProject
Project("{FAE04EC0-301F-11D3-BF4B-00C04F79EFBC}") = "C4M.Api", "C4M.Api\C4M.Api.csproj", "{F2573FF4-0427-4339-8491-48EA56E2506F}"
EndProject
Global
	GlobalSection(SolutionConfigurationPlatforms) = preSolution
		Debug|Any CPU = Debug|Any CPU
		Release|Any CPU = Release|Any CPU
	EndGlobalSection
	GlobalSection(ProjectConfigurationPlatforms) = postSolution
		{46FCA889-4A0D-41F2-9264-2929B98BFC6A}.Debug|Any CPU.ActiveCfg = Debug|Any CPU
		{46FCA889-4A0D-41F2-9264-2929B98BFC6A}.Debug|Any CPU.Build.0 = Debug|Any CPU
		{46FCA889-4A0D-41F2-9264-2929B98BFC6A}.Release|Any CPU.ActiveCfg = Release|Any CPU
		{46FCA889-4A0D-41F2-9264-2929B98BFC6A}.Release|Any CPU.Build.0 = Release|Any CPU
		{F2573FF4-0427-4339-8491-48EA56E2506F}.Debug|Any CPU.ActiveCfg = Debug|Any CPU
		{F2573FF4-0427-4339-8491-48EA56E2506F}.Debug|Any CPU.Build.0 = Debug|Any CPU
		{F2573FF4-0427-4339-8491-48EA56E2506F}.Release|Any CPU.ActiveCfg = Release|Any CPU
		{F2573FF4-0427-4339-8491-48EA56E2506F}.Release|Any CPU.Build.0 = Release|Any CPU
	EndGlobalSection
	GlobalSection(SolutionProperties) = preSolution
		HideSolutionNode = FALSE
	EndGlobalSection
	GlobalSection(ExtensibilityGlobals) = postSolution
		SolutionGuid = {F7E27510-31AF-4CD7-8575-4A7B6F7BA9C2}
	EndGlobalSection
EndGlobal
